// !$*UTF8*$!
{
	archiveVersion = 1;
	classes = {
	};
	objectVersion = 56;
	objects = {

/* Begin PBXBuildFile section */
		8487D1DF2CAEBB34005C4E15 /* UIColorExt.swift in Sources */ = {isa = PBXBuildFile; fileRef = 8487D1DE2CAEBB34005C4E15 /* UIColorExt.swift */; };
		8487D1E12CAEC586005C4E15 /* Company.swift in Sources */ = {isa = PBXBuildFile; fileRef = 8487D1E02CAEC586005C4E15 /* Company.swift */; };
		8487D1E32CAEC80E005C4E15 /* CreateCompanyController.swift in Sources */ = {isa = PBXBuildFile; fileRef = 8487D1E22CAEC80E005C4E15 /* CreateCompanyController.swift */; };
		849CBAD52C9EE6C3002992B0 /* AppDelegate.swift in Sources */ = {isa = PBXBuildFile; fileRef = 849CBAD42C9EE6C3002992B0 /* AppDelegate.swift */; };
		849CBAD72C9EE6C3002992B0 /* SceneDelegate.swift in Sources */ = {isa = PBXBuildFile; fileRef = 849CBAD62C9EE6C3002992B0 /* SceneDelegate.swift */; };
		849CBAD92C9EE6C3002992B0 /* CompaniesController.swift in Sources */ = {isa = PBXBuildFile; fileRef = 849CBAD82C9EE6C3002992B0 /* CompaniesController.swift */; };
		849CBADC2C9EE6C3002992B0 /* Main.storyboard in Resources */ = {isa = PBXBuildFile; fileRef = 849CBADA2C9EE6C3002992B0 /* Main.storyboard */; };
		849CBADE2C9EE6C5002992B0 /* Assets.xcassets in Resources */ = {isa = PBXBuildFile; fileRef = 849CBADD2C9EE6C5002992B0 /* Assets.xcassets */; };
		849CBAE12C9EE6C5002992B0 /* LaunchScreen.storyboard in Resources */ = {isa = PBXBuildFile; fileRef = 849CBADF2C9EE6C5002992B0 /* LaunchScreen.storyboard */; };
		849D50C82CB55481002FBBAB /* PracticeAppDataModel.xcdatamodeld in Sources */ = {isa = PBXBuildFile; fileRef = 849D50C62CB55481002FBBAB /* PracticeAppDataModel.xcdatamodeld */; };
		849D50CA2CB5600A002FBBAB /* CoreDataManager.swift in Sources */ = {isa = PBXBuildFile; fileRef = 849D50C92CB5600A002FBBAB /* CoreDataManager.swift */; };
		84A2A57C2CB5BBBA0058B2CF /* CompanyCell.swift in Sources */ = {isa = PBXBuildFile; fileRef = 84A2A57B2CB5BBBA0058B2CF /* CompanyCell.swift */; };
		84A2A57F2CB5C27F0058B2CF /* CompaniesController+UITableView.swift in Sources */ = {isa = PBXBuildFile; fileRef = 84A2A57E2CB5C27F0058B2CF /* CompaniesController+UITableView.swift */; };
		84A2A5812CB5C9360058B2CF /* EmployeesController.swift in Sources */ = {isa = PBXBuildFile; fileRef = 84A2A5802CB5C9360058B2CF /* EmployeesController.swift */; };
		84A2A5832CB5CBFA0058B2CF /* CreateEmployeeController.swift in Sources */ = {isa = PBXBuildFile; fileRef = 84A2A5822CB5CBFA0058B2CF /* CreateEmployeeController.swift */; };
		84A950602CB411D300767887 /* UIViewControllerExt.swift in Sources */ = {isa = PBXBuildFile; fileRef = 84A9505F2CB411D300767887 /* UIViewControllerExt.swift */; };
/* End PBXBuildFile section */

/* Begin PBXFileReference section */
		8487D1DE2CAEBB34005C4E15 /* UIColorExt.swift */ = {isa = PBXFileReference; lastKnownFileType = sourcecode.swift; path = UIColorExt.swift; sourceTree = "<group>"; };
		8487D1E02CAEC586005C4E15 /* Company.swift */ = {isa = PBXFileReference; lastKnownFileType = sourcecode.swift; path = Company.swift; sourceTree = "<group>"; };
		8487D1E22CAEC80E005C4E15 /* CreateCompanyController.swift */ = {isa = PBXFileReference; lastKnownFileType = sourcecode.swift; path = CreateCompanyController.swift; sourceTree = "<group>"; };
		849CBAD12C9EE6C3002992B0 /* CoreDataPracticeApp.app */ = {isa = PBXFileReference; explicitFileType = wrapper.application; includeInIndex = 0; path = CoreDataPracticeApp.app; sourceTree = BUILT_PRODUCTS_DIR; };
		849CBAD42C9EE6C3002992B0 /* AppDelegate.swift */ = {isa = PBXFileReference; lastKnownFileType = sourcecode.swift; path = AppDelegate.swift; sourceTree = "<group>"; };
		849CBAD62C9EE6C3002992B0 /* SceneDelegate.swift */ = {isa = PBXFileReference; lastKnownFileType = sourcecode.swift; path = SceneDelegate.swift; sourceTree = "<group>"; };
		849CBAD82C9EE6C3002992B0 /* CompaniesController.swift */ = {isa = PBXFileReference; lastKnownFileType = sourcecode.swift; path = CompaniesController.swift; sourceTree = "<group>"; };
		849CBADB2C9EE6C3002992B0 /* Base */ = {isa = PBXFileReference; lastKnownFileType = file.storyboard; name = Base; path = Base.lproj/Main.storyboard; sourceTree = "<group>"; };
		849CBADD2C9EE6C5002992B0 /* Assets.xcassets */ = {isa = PBXFileReference; lastKnownFileType = folder.assetcatalog; path = Assets.xcassets; sourceTree = "<group>"; };
		849CBAE02C9EE6C5002992B0 /* Base */ = {isa = PBXFileReference; lastKnownFileType = file.storyboard; name = Base; path = Base.lproj/LaunchScreen.storyboard; sourceTree = "<group>"; };
		849CBAE22C9EE6C5002992B0 /* Info.plist */ = {isa = PBXFileReference; lastKnownFileType = text.plist.xml; path = Info.plist; sourceTree = "<group>"; };
		849D50C72CB55481002FBBAB /* PracticeAppDataModel.xcdatamodel */ = {isa = PBXFileReference; lastKnownFileType = wrapper.xcdatamodel; path = PracticeAppDataModel.xcdatamodel; sourceTree = "<group>"; };
		849D50C92CB5600A002FBBAB /* CoreDataManager.swift */ = {isa = PBXFileReference; lastKnownFileType = sourcecode.swift; path = CoreDataManager.swift; sourceTree = "<group>"; };
		84A2A57B2CB5BBBA0058B2CF /* CompanyCell.swift */ = {isa = PBXFileReference; lastKnownFileType = sourcecode.swift; path = CompanyCell.swift; sourceTree = "<group>"; };
		84A2A57E2CB5C27F0058B2CF /* CompaniesController+UITableView.swift */ = {isa = PBXFileReference; lastKnownFileType = sourcecode.swift; path = "CompaniesController+UITableView.swift"; sourceTree = "<group>"; };
		84A2A5802CB5C9360058B2CF /* EmployeesController.swift */ = {isa = PBXFileReference; lastKnownFileType = sourcecode.swift; path = EmployeesController.swift; sourceTree = "<group>"; };
		84A2A5822CB5CBFA0058B2CF /* CreateEmployeeController.swift */ = {isa = PBXFileReference; lastKnownFileType = sourcecode.swift; path = CreateEmployeeController.swift; sourceTree = "<group>"; };
		84A9505F2CB411D300767887 /* UIViewControllerExt.swift */ = {isa = PBXFileReference; lastKnownFileType = sourcecode.swift; path = UIViewControllerExt.swift; sourceTree = "<group>"; };
/* End PBXFileReference section */

/* Begin PBXFrameworksBuildPhase section */
		849CBACE2C9EE6C3002992B0 /* Frameworks */ = {
			isa = PBXFrameworksBuildPhase;
			buildActionMask = 2147483647;
			files = (
			);
			runOnlyForDeploymentPostprocessing = 0;
		};
/* End PBXFrameworksBuildPhase section */

/* Begin PBXGroup section */
		8487D1DD2CAEBB17005C4E15 /* Extension */ = {
			isa = PBXGroup;
			children = (
				8487D1DE2CAEBB34005C4E15 /* UIColorExt.swift */,
				84A9505F2CB411D300767887 /* UIViewControllerExt.swift */,
			);
			path = Extension;
			sourceTree = "<group>";
		};
		849CBAC82C9EE6C3002992B0 = {
			isa = PBXGroup;
			children = (
				849CBAD32C9EE6C3002992B0 /* CoreDataPracticeApp */,
				849CBAD22C9EE6C3002992B0 /* Products */,
			);
			sourceTree = "<group>";
		};
		849CBAD22C9EE6C3002992B0 /* Products */ = {
			isa = PBXGroup;
			children = (
				849CBAD12C9EE6C3002992B0 /* CoreDataPracticeApp.app */,
			);
			name = Products;
			sourceTree = "<group>";
		};
		849CBAD32C9EE6C3002992B0 /* CoreDataPracticeApp */ = {
			isa = PBXGroup;
			children = (
				84BA3B282CB6CDB1000791A2 /* Employees */,
				84A2A57D2CB5BCC90058B2CF /* Companies */,
				849CBAD42C9EE6C3002992B0 /* AppDelegate.swift */,
				849CBAD62C9EE6C3002992B0 /* SceneDelegate.swift */,
				8487D1DD2CAEBB17005C4E15 /* Extension */,
				8487D1E02CAEC586005C4E15 /* Company.swift */,
				849CBADA2C9EE6C3002992B0 /* Main.storyboard */,
				849CBADD2C9EE6C5002992B0 /* Assets.xcassets */,
				849CBADF2C9EE6C5002992B0 /* LaunchScreen.storyboard */,
				849CBAE22C9EE6C5002992B0 /* Info.plist */,
				849D50C62CB55481002FBBAB /* PracticeAppDataModel.xcdatamodeld */,
				849D50C92CB5600A002FBBAB /* CoreDataManager.swift */,
			);
			path = CoreDataPracticeApp;
			sourceTree = "<group>";
		};
		84A2A57D2CB5BCC90058B2CF /* Companies */ = {
			isa = PBXGroup;
			children = (
				849CBAD82C9EE6C3002992B0 /* CompaniesController.swift */,
				84A2A57E2CB5C27F0058B2CF /* CompaniesController+UITableView.swift */,
				8487D1E22CAEC80E005C4E15 /* CreateCompanyController.swift */,
				84A2A57B2CB5BBBA0058B2CF /* CompanyCell.swift */,
			);
			path = Companies;
			sourceTree = "<group>";
		};
		84BA3B282CB6CDB1000791A2 /* Employees */ = {
			isa = PBXGroup;
			children = (
				84A2A5802CB5C9360058B2CF /* EmployeesController.swift */,
				84A2A5822CB5CBFA0058B2CF /* CreateEmployeeController.swift */,
			);
			path = Employees;
			sourceTree = "<group>";
		};
/* End PBXGroup section */

/* Begin PBXNativeTarget section */
		849CBAD02C9EE6C3002992B0 /* CoreDataPracticeApp */ = {
			isa = PBXNativeTarget;
			buildConfigurationList = 849CBAE52C9EE6C5002992B0 /* Build configuration list for PBXNativeTarget "CoreDataPracticeApp" */;
			buildPhases = (
				849CBACD2C9EE6C3002992B0 /* Sources */,
				849CBACE2C9EE6C3002992B0 /* Frameworks */,
				849CBACF2C9EE6C3002992B0 /* Resources */,
			);
			buildRules = (
			);
			dependencies = (
			);
			name = CoreDataPracticeApp;
			productName = CoreDataPracticeApp;
			productReference = 849CBAD12C9EE6C3002992B0 /* CoreDataPracticeApp.app */;
			productType = "com.apple.product-type.application";
		};
/* End PBXNativeTarget section */

/* Begin PBXProject section */
		849CBAC92C9EE6C3002992B0 /* Project object */ = {
			isa = PBXProject;
			attributes = {
				BuildIndependentTargetsInParallel = 1;
				LastSwiftUpdateCheck = 1500;
				LastUpgradeCheck = 1500;
				TargetAttributes = {
					849CBAD02C9EE6C3002992B0 = {
						CreatedOnToolsVersion = 15.0;
					};
				};
			};
			buildConfigurationList = 849CBACC2C9EE6C3002992B0 /* Build configuration list for PBXProject "CoreDataPracticeApp" */;
			compatibilityVersion = "Xcode 14.0";
			developmentRegion = en;
			hasScannedForEncodings = 0;
			knownRegions = (
				en,
				Base,
			);
			mainGroup = 849CBAC82C9EE6C3002992B0;
			productRefGroup = 849CBAD22C9EE6C3002992B0 /* Products */;
			projectDirPath = "";
			projectRoot = "";
			targets = (
				849CBAD02C9EE6C3002992B0 /* CoreDataPracticeApp */,
			);
		};
/* End PBXProject section */

/* Begin PBXResourcesBuildPhase section */
		849CBACF2C9EE6C3002992B0 /* Resources */ = {
			isa = PBXResourcesBuildPhase;
			buildActionMask = 2147483647;
			files = (
				849CBAE12C9EE6C5002992B0 /* LaunchScreen.storyboard in Resources */,
				849CBADE2C9EE6C5002992B0 /* Assets.xcassets in Resources */,
				849CBADC2C9EE6C3002992B0 /* Main.storyboard in Resources */,
			);
			runOnlyForDeploymentPostprocessing = 0;
		};
/* End PBXResourcesBuildPhase section */

/* Begin PBXSourcesBuildPhase section */
		849CBACD2C9EE6C3002992B0 /* Sources */ = {
			isa = PBXSourcesBuildPhase;
			buildActionMask = 2147483647;
			files = (
				849D50C82CB55481002FBBAB /* PracticeAppDataModel.xcdatamodeld in Sources */,
				849CBAD92C9EE6C3002992B0 /* CompaniesController.swift in Sources */,
				8487D1DF2CAEBB34005C4E15 /* UIColorExt.swift in Sources */,
				849CBAD52C9EE6C3002992B0 /* AppDelegate.swift in Sources */,
				8487D1E12CAEC586005C4E15 /* Company.swift in Sources */,
				84A2A57C2CB5BBBA0058B2CF /* CompanyCell.swift in Sources */,
				849CBAD72C9EE6C3002992B0 /* SceneDelegate.swift in Sources */,
				84A2A5832CB5CBFA0058B2CF /* CreateEmployeeController.swift in Sources */,
				84A2A5812CB5C9360058B2CF /* EmployeesController.swift in Sources */,
				849D50CA2CB5600A002FBBAB /* CoreDataManager.swift in Sources */,
				84A950602CB411D300767887 /* UIViewControllerExt.swift in Sources */,
				84A2A57F2CB5C27F0058B2CF /* CompaniesController+UITableView.swift in Sources */,
				8487D1E32CAEC80E005C4E15 /* CreateCompanyController.swift in Sources */,
			);
			runOnlyForDeploymentPostprocessing = 0;
		};
/* End PBXSourcesBuildPhase section */

/* Begin PBXVariantGroup section */
		849CBADA2C9EE6C3002992B0 /* Main.storyboard */ = {
			isa = PBXVariantGroup;
			children = (
				849CBADB2C9EE6C3002992B0 /* Base */,
			);
			name = Main.storyboard;
			sourceTree = "<group>";
		};
		849CBADF2C9EE6C5002992B0 /* LaunchScreen.storyboard */ = {
			isa = PBXVariantGroup;
			children = (
				849CBAE02C9EE6C5002992B0 /* Base */,
			);
			name = LaunchScreen.storyboard;
			sourceTree = "<group>";
		};
/* End PBXVariantGroup section */

/* Begin XCBuildConfiguration section */
		849CBAE32C9EE6C5002992B0 /* Debug */ = {
			isa = XCBuildConfiguration;
			buildSettings = {
				ALWAYS_SEARCH_USER_PATHS = NO;
				ASSETCATALOG_COMPILER_GENERATE_SWIFT_ASSET_SYMBOL_EXTENSIONS = YES;
				CLANG_ANALYZER_NONNULL = YES;
				CLANG_ANALYZER_NUMBER_OBJECT_CONVERSION = YES_AGGRESSIVE;
				CLANG_CXX_LANGUAGE_STANDARD = "gnu++20";
				CLANG_ENABLE_MODULES = YES;
				CLANG_ENABLE_OBJC_ARC = YES;
				CLANG_ENABLE_OBJC_WEAK = YES;
				CLANG_WARN_BLOCK_CAPTURE_AUTORELEASING = YES;
				CLANG_WARN_BOOL_CONVERSION = YES;
				CLANG_WARN_COMMA = YES;
				CLANG_WARN_CONSTANT_CONVERSION = YES;
				CLANG_WARN_DEPRECATED_OBJC_IMPLEMENTATIONS = YES;
				CLANG_WARN_DIRECT_OBJC_ISA_USAGE = YES_ERROR;
				CLANG_WARN_DOCUMENTATION_COMMENTS = YES;
				CLANG_WARN_EMPTY_BODY = YES;
				CLANG_WARN_ENUM_CONVERSION = YES;
				CLANG_WARN_INFINITE_RECURSION = YES;
				CLANG_WARN_INT_CONVERSION = YES;
				CLANG_WARN_NON_LITERAL_NULL_CONVERSION = YES;
				CLANG_WARN_OBJC_IMPLICIT_RETAIN_SELF = YES;
				CLANG_WARN_OBJC_LITERAL_CONVERSION = YES;
				CLANG_WARN_OBJC_ROOT_CLASS = YES_ERROR;
				CLANG_WARN_QUOTED_INCLUDE_IN_FRAMEWORK_HEADER = YES;
				CLANG_WARN_RANGE_LOOP_ANALYSIS = YES;
				CLANG_WARN_STRICT_PROTOTYPES = YES;
				CLANG_WARN_SUSPICIOUS_MOVE = YES;
				CLANG_WARN_UNGUARDED_AVAILABILITY = YES_AGGRESSIVE;
				CLANG_WARN_UNREACHABLE_CODE = YES;
				CLANG_WARN__DUPLICATE_METHOD_MATCH = YES;
				COPY_PHASE_STRIP = NO;
				DEBUG_INFORMATION_FORMAT = dwarf;
				ENABLE_STRICT_OBJC_MSGSEND = YES;
				ENABLE_TESTABILITY = YES;
				ENABLE_USER_SCRIPT_SANDBOXING = YES;
				GCC_C_LANGUAGE_STANDARD = gnu17;
				GCC_DYNAMIC_NO_PIC = NO;
				GCC_NO_COMMON_BLOCKS = YES;
				GCC_OPTIMIZATION_LEVEL = 0;
				GCC_PREPROCESSOR_DEFINITIONS = (
					"DEBUG=1",
					"$(inherited)",
				);
				GCC_WARN_64_TO_32_BIT_CONVERSION = YES;
				GCC_WARN_ABOUT_RETURN_TYPE = YES_ERROR;
				GCC_WARN_UNDECLARED_SELECTOR = YES;
				GCC_WARN_UNINITIALIZED_AUTOS = YES_AGGRESSIVE;
				GCC_WARN_UNUSED_FUNCTION = YES;
				GCC_WARN_UNUSED_VARIABLE = YES;
				IPHONEOS_DEPLOYMENT_TARGET = 17.0;
				LOCALIZATION_PREFERS_STRING_CATALOGS = YES;
				MTL_ENABLE_DEBUG_INFO = INCLUDE_SOURCE;
				MTL_FAST_MATH = YES;
				ONLY_ACTIVE_ARCH = YES;
				SDKROOT = iphoneos;
				SWIFT_ACTIVE_COMPILATION_CONDITIONS = "DEBUG $(inherited)";
				SWIFT_OPTIMIZATION_LEVEL = "-Onone";
			};
			name = Debug;
		};
		849CBAE42C9EE6C5002992B0 /* Release */ = {
			isa = XCBuildConfiguration;
			buildSettings = {
				ALWAYS_SEARCH_USER_PATHS = NO;
				ASSETCATALOG_COMPILER_GENERATE_SWIFT_ASSET_SYMBOL_EXTENSIONS = YES;
				CLANG_ANALYZER_NONNULL = YES;
				CLANG_ANALYZER_NUMBER_OBJECT_CONVERSION = YES_AGGRESSIVE;
				CLANG_CXX_LANGUAGE_STANDARD = "gnu++20";
				CLANG_ENABLE_MODULES = YES;
				CLANG_ENABLE_OBJC_ARC = YES;
				CLANG_ENABLE_OBJC_WEAK = YES;
				CLANG_WARN_BLOCK_CAPTURE_AUTORELEASING = YES;
				CLANG_WARN_BOOL_CONVERSION = YES;
				CLANG_WARN_COMMA = YES;
				CLANG_WARN_CONSTANT_CONVERSION = YES;
				CLANG_WARN_DEPRECATED_OBJC_IMPLEMENTATIONS = YES;
				CLANG_WARN_DIRECT_OBJC_ISA_USAGE = YES_ERROR;
				CLANG_WARN_DOCUMENTATION_COMMENTS = YES;
				CLANG_WARN_EMPTY_BODY = YES;
				CLANG_WARN_ENUM_CONVERSION = YES;
				CLANG_WARN_INFINITE_RECURSION = YES;
				CLANG_WARN_INT_CONVERSION = YES;
				CLANG_WARN_NON_LITERAL_NULL_CONVERSION = YES;
				CLANG_WARN_OBJC_IMPLICIT_RETAIN_SELF = YES;
				CLANG_WARN_OBJC_LITERAL_CONVERSION = YES;
				CLANG_WARN_OBJC_ROOT_CLASS = YES_ERROR;
				CLANG_WARN_QUOTED_INCLUDE_IN_FRAMEWORK_HEADER = YES;
				CLANG_WARN_RANGE_LOOP_ANALYSIS = YES;
				CLANG_WARN_STRICT_PROTOTYPES = YES;
				CLANG_WARN_SUSPICIOUS_MOVE = YES;
				CLANG_WARN_UNGUARDED_AVAILABILITY = YES_AGGRESSIVE;
				CLANG_WARN_UNREACHABLE_CODE = YES;
				CLANG_WARN__DUPLICATE_METHOD_MATCH = YES;
				COPY_PHASE_STRIP = NO;
				DEBUG_INFORMATION_FORMAT = "dwarf-with-dsym";
				ENABLE_NS_ASSERTIONS = NO;
				ENABLE_STRICT_OBJC_MSGSEND = YES;
				ENABLE_USER_SCRIPT_SANDBOXING = YES;
				GCC_C_LANGUAGE_STANDARD = gnu17;
				GCC_NO_COMMON_BLOCKS = YES;
				GCC_WARN_64_TO_32_BIT_CONVERSION = YES;
				GCC_WARN_ABOUT_RETURN_TYPE = YES_ERROR;
				GCC_WARN_UNDECLARED_SELECTOR = YES;
				GCC_WARN_UNINITIALIZED_AUTOS = YES_AGGRESSIVE;
				GCC_WARN_UNUSED_FUNCTION = YES;
				GCC_WARN_UNUSED_VARIABLE = YES;
				IPHONEOS_DEPLOYMENT_TARGET = 17.0;
				LOCALIZATION_PREFERS_STRING_CATALOGS = YES;
				MTL_ENABLE_DEBUG_INFO = NO;
				MTL_FAST_MATH = YES;
				SDKROOT = iphoneos;
				SWIFT_COMPILATION_MODE = wholemodule;
				VALIDATE_PRODUCT = YES;
			};
			name = Release;
		};
		849CBAE62C9EE6C5002992B0 /* Debug */ = {
			isa = XCBuildConfiguration;
			buildSettings = {
				ASSETCATALOG_COMPILER_APPICON_NAME = AppIcon;
				ASSETCATALOG_COMPILER_GLOBAL_ACCENT_COLOR_NAME = AccentColor;
				CODE_SIGN_STYLE = Automatic;
				CURRENT_PROJECT_VERSION = 1;
				DEVELOPMENT_TEAM = 4ATQRR3VXB;
				GENERATE_INFOPLIST_FILE = YES;
				INFOPLIST_FILE = CoreDataPracticeApp/Info.plist;
				INFOPLIST_KEY_NSPhotoLibraryUsageDescription = "We would like usage of your photo library";
				INFOPLIST_KEY_UIApplicationSupportsIndirectInputEvents = YES;
				INFOPLIST_KEY_UILaunchStoryboardName = LaunchScreen;
				INFOPLIST_KEY_UIMainStoryboardFile = Main;
				INFOPLIST_KEY_UISupportedInterfaceOrientations_iPad = "UIInterfaceOrientationPortrait UIInterfaceOrientationPortraitUpsideDown UIInterfaceOrientationLandscapeLeft UIInterfaceOrientationLandscapeRight";
				INFOPLIST_KEY_UISupportedInterfaceOrientations_iPhone = "UIInterfaceOrientationPortrait UIInterfaceOrientationLandscapeLeft UIInterfaceOrientationLandscapeRight";
				LD_RUNPATH_SEARCH_PATHS = (
					"$(inherited)",
					"@executable_path/Frameworks",
				);
				MARKETING_VERSION = 1.0;
				PRODUCT_BUNDLE_IDENTIFIER = com.shubh.CoreDataPracticeApp;
				PRODUCT_NAME = "$(TARGET_NAME)";
				SWIFT_EMIT_LOC_STRINGS = YES;
				SWIFT_VERSION = 5.0;
				TARGETED_DEVICE_FAMILY = "1,2";
			};
			name = Debug;
		};
		849CBAE72C9EE6C5002992B0 /* Release */ = {
			isa = XCBuildConfiguration;
			buildSettings = {
				ASSETCATALOG_COMPILER_APPICON_NAME = AppIcon;
				ASSETCATALOG_COMPILER_GLOBAL_ACCENT_COLOR_NAME = AccentColor;
				CODE_SIGN_STYLE = Automatic;
				CURRENT_PROJECT_VERSION = 1;
				DEVELOPMENT_TEAM = 4ATQRR3VXB;
				GENERATE_INFOPLIST_FILE = YES;
				INFOPLIST_FILE = CoreDataPracticeApp/Info.plist;
				INFOPLIST_KEY_NSPhotoLibraryUsageDescription = "We would like usage of your photo library";
				INFOPLIST_KEY_UIApplicationSupportsIndirectInputEvents = YES;
				INFOPLIST_KEY_UILaunchStoryboardName = LaunchScreen;
				INFOPLIST_KEY_UIMainStoryboardFile = Main;
				INFOPLIST_KEY_UISupportedInterfaceOrientations_iPad = "UIInterfaceOrientationPortrait UIInterfaceOrientationPortraitUpsideDown UIInterfaceOrientationLandscapeLeft UIInterfaceOrientationLandscapeRight";
				INFOPLIST_KEY_UISupportedInterfaceOrientations_iPhone = "UIInterfaceOrientationPortrait UIInterfaceOrientationLandscapeLeft UIInterfaceOrientationLandscapeRight";
				LD_RUNPATH_SEARCH_PATHS = (
					"$(inherited)",
					"@executable_path/Frameworks",
				);
				MARKETING_VERSION = 1.0;
				PRODUCT_BUNDLE_IDENTIFIER = com.shubh.CoreDataPracticeApp;
				PRODUCT_NAME = "$(TARGET_NAME)";
				SWIFT_EMIT_LOC_STRINGS = YES;
				SWIFT_VERSION = 5.0;
				TARGETED_DEVICE_FAMILY = "1,2";
			};
			name = Release;
		};
/* End XCBuildConfiguration section */

/* Begin XCConfigurationList section */
		849CBACC2C9EE6C3002992B0 /* Build configuration list for PBXProject "CoreDataPracticeApp" */ = {
			isa = XCConfigurationList;
			buildConfigurations = (
				849CBAE32C9EE6C5002992B0 /* Debug */,
				849CBAE42C9EE6C5002992B0 /* Release */,
			);
			defaultConfigurationIsVisible = 0;
			defaultConfigurationName = Release;
		};
		849CBAE52C9EE6C5002992B0 /* Build configuration list for PBXNativeTarget "CoreDataPracticeApp" */ = {
			isa = XCConfigurationList;
			buildConfigurations = (
				849CBAE62C9EE6C5002992B0 /* Debug */,
				849CBAE72C9EE6C5002992B0 /* Release */,
			);
			defaultConfigurationIsVisible = 0;
			defaultConfigurationName = Release;
		};
/* End XCConfigurationList section */

/* Begin XCVersionGroup section */
		849D50C62CB55481002FBBAB /* PracticeAppDataModel.xcdatamodeld */ = {
			isa = XCVersionGroup;
			children = (
				849D50C72CB55481002FBBAB /* PracticeAppDataModel.xcdatamodel */,
			);
			currentVersion = 849D50C72CB55481002FBBAB /* PracticeAppDataModel.xcdatamodel */;
			path = PracticeAppDataModel.xcdatamodeld;
			sourceTree = "<group>";
			versionGroupType = wrapper.xcdatamodel;
		};
/* End XCVersionGroup section */
	};
	rootObject = 849CBAC92C9EE6C3002992B0 /* Project object */;
}
